// !$*UTF8*$!
{
	archiveVersion = 1;
	classes = {
	};
	objectVersion = 56;
	objects = {

/* Begin PBXBuildFile section */
		7216C4C92B75440900BBF4AC /* LogoView.swift in Sources */ = {isa = PBXBuildFile; fileRef = 7216C4C82B75440900BBF4AC /* LogoView.swift */; };
		7216C4CB2B77E06B00BBF4AC /* LaunchView.swift in Sources */ = {isa = PBXBuildFile; fileRef = 7216C4CA2B77E06B00BBF4AC /* LaunchView.swift */; };
		72248C002BA4FBDB007BB5D7 /* ScreenshotManager.swift in Sources */ = {isa = PBXBuildFile; fileRef = 72248BFF2BA4FBDB007BB5D7 /* ScreenshotManager.swift */; };
		724F20EB2AE2EC270035F4CA /* PhoneNumberView.swift in Sources */ = {isa = PBXBuildFile; fileRef = 724F20EA2AE2EC270035F4CA /* PhoneNumberView.swift */; };
		7258B6902AEFC5E6004C6C69 /* GoogleService-Info.plist in Resources */ = {isa = PBXBuildFile; fileRef = 7258B68F2AEFC5E6004C6C69 /* GoogleService-Info.plist */; };
		726003002AF296F100B12E7C /* FitShareApp.swift in Sources */ = {isa = PBXBuildFile; fileRef = 726002FF2AF296F100B12E7C /* FitShareApp.swift */; };
		72658A5E2B015455004C7707 /* GoalSheet.swift in Sources */ = {isa = PBXBuildFile; fileRef = 72658A5D2B015455004C7707 /* GoalSheet.swift */; };
		72658A602B015A6C004C7707 /* FirebaseDatabase in Frameworks */ = {isa = PBXBuildFile; productRef = 72658A5F2B015A6C004C7707 /* FirebaseDatabase */; };
		72658A622B015A6C004C7707 /* FirebaseDatabaseSwift in Frameworks */ = {isa = PBXBuildFile; productRef = 72658A612B015A6C004C7707 /* FirebaseDatabaseSwift */; };
		72658A642B015C23004C7707 /* GoalModel.swift in Sources */ = {isa = PBXBuildFile; fileRef = 72658A632B015C23004C7707 /* GoalModel.swift */; };
		72658A662B0290A7004C7707 /* ShareList.swift in Sources */ = {isa = PBXBuildFile; fileRef = 72658A652B0290A7004C7707 /* ShareList.swift */; };
		7278CDD82AA79AD900263C74 /* HomeScreenView.swift in Sources */ = {isa = PBXBuildFile; fileRef = 7278CDD72AA79AD900263C74 /* HomeScreenView.swift */; };
		7278CDDA2AA7A48100263C74 /* OTPView.swift in Sources */ = {isa = PBXBuildFile; fileRef = 7278CDD92AA7A48100263C74 /* OTPView.swift */; };
		72B125A42AADBA690001523B /* AuthModel.swift in Sources */ = {isa = PBXBuildFile; fileRef = 72B125A32AADBA690001523B /* AuthModel.swift */; };
		72B125AB2AAE47500001523B /* FirebaseAuth in Frameworks */ = {isa = PBXBuildFile; productRef = 72B125AA2AAE47500001523B /* FirebaseAuth */; };
		72B125AD2AAE47500001523B /* FirebaseMessaging in Frameworks */ = {isa = PBXBuildFile; productRef = 72B125AC2AAE47500001523B /* FirebaseMessaging */; };
		72B125B42AAEC9860001523B /* PromiseKit in Frameworks */ = {isa = PBXBuildFile; productRef = 72B125B32AAEC9860001523B /* PromiseKit */; };
		72CF2A8E2AA492E6009BF195 /* Nutrition.swift in Sources */ = {isa = PBXBuildFile; fileRef = 72CF2A8D2AA492E6009BF195 /* Nutrition.swift */; };
		72EAE0052A88F77C001998B5 /* ContentView.swift in Sources */ = {isa = PBXBuildFile; fileRef = 72EAE0042A88F77C001998B5 /* ContentView.swift */; };
		72EAE0072A88F77F001998B5 /* Assets.xcassets in Resources */ = {isa = PBXBuildFile; fileRef = 72EAE0062A88F77F001998B5 /* Assets.xcassets */; };
		72EAE00B2A88F77F001998B5 /* Preview Assets.xcassets in Resources */ = {isa = PBXBuildFile; fileRef = 72EAE00A2A88F77F001998B5 /* Preview Assets.xcassets */; };
		72EAE0152A88F77F001998B5 /* FitShareAppTests.swift in Sources */ = {isa = PBXBuildFile; fileRef = 72EAE0142A88F77F001998B5 /* FitShareAppTests.swift */; };
		72EAE01F2A88F77F001998B5 /* FitShareAppUITests.swift in Sources */ = {isa = PBXBuildFile; fileRef = 72EAE01E2A88F77F001998B5 /* FitShareAppUITests.swift */; };
		72EAE0212A88F77F001998B5 /* FitShareAppUITestsLaunchTests.swift in Sources */ = {isa = PBXBuildFile; fileRef = 72EAE0202A88F77F001998B5 /* FitShareAppUITestsLaunchTests.swift */; };
		72F31B6C2AB4BEFC00B4249F /* PhoneViewModel.swift in Sources */ = {isa = PBXBuildFile; fileRef = 72F31B6B2AB4BEFC00B4249F /* PhoneViewModel.swift */; };
		72F31B6E2AB4BF9200B4249F /* Utils.swift in Sources */ = {isa = PBXBuildFile; fileRef = 72F31B6D2AB4BF9200B4249F /* Utils.swift */; };
		72F31B702AB4C04200B4249F /* CountryModel.swift in Sources */ = {isa = PBXBuildFile; fileRef = 72F31B6F2AB4C04200B4249F /* CountryModel.swift */; };
		72F31B722AB4C16100B4249F /* AuthenticationService.swift in Sources */ = {isa = PBXBuildFile; fileRef = 72F31B712AB4C16100B4249F /* AuthenticationService.swift */; };
		72F31B742AB4C19500B4249F /* FirebaseError.swift in Sources */ = {isa = PBXBuildFile; fileRef = 72F31B732AB4C19500B4249F /* FirebaseError.swift */; };
		72F31B762AB5FA3600B4249F /* CustomUserDefaults.swift in Sources */ = {isa = PBXBuildFile; fileRef = 72F31B752AB5FA3600B4249F /* CustomUserDefaults.swift */; };
		72F31B782AB5FA5400B4249F /* Constants.swift in Sources */ = {isa = PBXBuildFile; fileRef = 72F31B772AB5FA5400B4249F /* Constants.swift */; };
		72F31B812AB60A8400B4249F /* CountryCodes.json in Resources */ = {isa = PBXBuildFile; fileRef = 72F31B802AB6099000B4249F /* CountryCodes.json */; };
/* End PBXBuildFile section */

/* Begin PBXContainerItemProxy section */
		72EAE0112A88F77F001998B5 /* PBXContainerItemProxy */ = {
			isa = PBXContainerItemProxy;
			containerPortal = 72EADFF72A88F77C001998B5 /* Project object */;
			proxyType = 1;
			remoteGlobalIDString = 72EADFFE2A88F77C001998B5;
			remoteInfo = WeightX2;
		};
		72EAE01B2A88F77F001998B5 /* PBXContainerItemProxy */ = {
			isa = PBXContainerItemProxy;
			containerPortal = 72EADFF72A88F77C001998B5 /* Project object */;
			proxyType = 1;
			remoteGlobalIDString = 72EADFFE2A88F77C001998B5;
			remoteInfo = WeightX2;
		};
/* End PBXContainerItemProxy section */

/* Begin PBXFileReference section */
		7216C4C82B75440900BBF4AC /* LogoView.swift */ = {isa = PBXFileReference; lastKnownFileType = sourcecode.swift; path = LogoView.swift; sourceTree = "<group>"; };
		7216C4CA2B77E06B00BBF4AC /* LaunchView.swift */ = {isa = PBXFileReference; fileEncoding = 4; lastKnownFileType = sourcecode.swift; path = LaunchView.swift; sourceTree = "<group>"; };
		72248BFF2BA4FBDB007BB5D7 /* ScreenshotManager.swift */ = {isa = PBXFileReference; lastKnownFileType = sourcecode.swift; path = ScreenshotManager.swift; sourceTree = "<group>"; };
		724F20EA2AE2EC270035F4CA /* PhoneNumberView.swift */ = {isa = PBXFileReference; lastKnownFileType = sourcecode.swift; path = PhoneNumberView.swift; sourceTree = "<group>"; };
		7258B68F2AEFC5E6004C6C69 /* GoogleService-Info.plist */ = {isa = PBXFileReference; fileEncoding = 4; lastKnownFileType = text.plist.xml; path = "GoogleService-Info.plist"; sourceTree = "<group>"; };
		726002FF2AF296F100B12E7C /* FitShareApp.swift */ = {isa = PBXFileReference; fileEncoding = 4; lastKnownFileType = sourcecode.swift; path = FitShareApp.swift; sourceTree = "<group>"; };
		72658A5D2B015455004C7707 /* GoalSheet.swift */ = {isa = PBXFileReference; lastKnownFileType = sourcecode.swift; path = GoalSheet.swift; sourceTree = "<group>"; };
		72658A632B015C23004C7707 /* GoalModel.swift */ = {isa = PBXFileReference; lastKnownFileType = sourcecode.swift; path = GoalModel.swift; sourceTree = "<group>"; };
		72658A652B0290A7004C7707 /* ShareList.swift */ = {isa = PBXFileReference; lastKnownFileType = sourcecode.swift; path = ShareList.swift; sourceTree = "<group>"; };
		7278CDD72AA79AD900263C74 /* HomeScreenView.swift */ = {isa = PBXFileReference; lastKnownFileType = sourcecode.swift; path = HomeScreenView.swift; sourceTree = "<group>"; };
		7278CDD92AA7A48100263C74 /* OTPView.swift */ = {isa = PBXFileReference; lastKnownFileType = sourcecode.swift; path = OTPView.swift; sourceTree = "<group>"; };
		72B125A32AADBA690001523B /* AuthModel.swift */ = {isa = PBXFileReference; lastKnownFileType = sourcecode.swift; path = AuthModel.swift; sourceTree = "<group>"; };
		72B6399C2A8BD3380005294D /* Info.plist */ = {isa = PBXFileReference; lastKnownFileType = text.plist; path = Info.plist; sourceTree = "<group>"; };
		72CF2A8D2AA492E6009BF195 /* Nutrition.swift */ = {isa = PBXFileReference; lastKnownFileType = sourcecode.swift; path = Nutrition.swift; sourceTree = "<group>"; };
		72EADFFF2A88F77C001998B5 /* FitShareApp.app */ = {isa = PBXFileReference; explicitFileType = wrapper.application; includeInIndex = 0; path = FitShareApp.app; sourceTree = BUILT_PRODUCTS_DIR; };
		72EAE0042A88F77C001998B5 /* ContentView.swift */ = {isa = PBXFileReference; lastKnownFileType = sourcecode.swift; path = ContentView.swift; sourceTree = "<group>"; };
		72EAE0062A88F77F001998B5 /* Assets.xcassets */ = {isa = PBXFileReference; lastKnownFileType = folder.assetcatalog; path = Assets.xcassets; sourceTree = "<group>"; };
		72EAE00A2A88F77F001998B5 /* Preview Assets.xcassets */ = {isa = PBXFileReference; lastKnownFileType = folder.assetcatalog; path = "Preview Assets.xcassets"; sourceTree = "<group>"; };
		72EAE0102A88F77F001998B5 /* FitShareAppTests.xctest */ = {isa = PBXFileReference; explicitFileType = wrapper.cfbundle; includeInIndex = 0; path = FitShareAppTests.xctest; sourceTree = BUILT_PRODUCTS_DIR; };
		72EAE0142A88F77F001998B5 /* FitShareAppTests.swift */ = {isa = PBXFileReference; lastKnownFileType = sourcecode.swift; path = FitShareAppTests.swift; sourceTree = "<group>"; };
		72EAE01A2A88F77F001998B5 /* FitShareAppUITests.xctest */ = {isa = PBXFileReference; explicitFileType = wrapper.cfbundle; includeInIndex = 0; path = FitShareAppUITests.xctest; sourceTree = BUILT_PRODUCTS_DIR; };
		72EAE01E2A88F77F001998B5 /* FitShareAppUITests.swift */ = {isa = PBXFileReference; lastKnownFileType = sourcecode.swift; path = FitShareAppUITests.swift; sourceTree = "<group>"; };
		72EAE0202A88F77F001998B5 /* FitShareAppUITestsLaunchTests.swift */ = {isa = PBXFileReference; lastKnownFileType = sourcecode.swift; path = FitShareAppUITestsLaunchTests.swift; sourceTree = "<group>"; };
		72F31B6B2AB4BEFC00B4249F /* PhoneViewModel.swift */ = {isa = PBXFileReference; lastKnownFileType = sourcecode.swift; path = PhoneViewModel.swift; sourceTree = "<group>"; };
		72F31B6D2AB4BF9200B4249F /* Utils.swift */ = {isa = PBXFileReference; lastKnownFileType = sourcecode.swift; path = Utils.swift; sourceTree = "<group>"; };
		72F31B6F2AB4C04200B4249F /* CountryModel.swift */ = {isa = PBXFileReference; lastKnownFileType = sourcecode.swift; path = CountryModel.swift; sourceTree = "<group>"; };
		72F31B712AB4C16100B4249F /* AuthenticationService.swift */ = {isa = PBXFileReference; lastKnownFileType = sourcecode.swift; path = AuthenticationService.swift; sourceTree = "<group>"; };
		72F31B732AB4C19500B4249F /* FirebaseError.swift */ = {isa = PBXFileReference; lastKnownFileType = sourcecode.swift; path = FirebaseError.swift; sourceTree = "<group>"; };
		72F31B752AB5FA3600B4249F /* CustomUserDefaults.swift */ = {isa = PBXFileReference; lastKnownFileType = sourcecode.swift; path = CustomUserDefaults.swift; sourceTree = "<group>"; };
		72F31B772AB5FA5400B4249F /* Constants.swift */ = {isa = PBXFileReference; lastKnownFileType = sourcecode.swift; path = Constants.swift; sourceTree = "<group>"; };
		72F31B802AB6099000B4249F /* CountryCodes.json */ = {isa = PBXFileReference; lastKnownFileType = text.json; path = CountryCodes.json; sourceTree = "<group>"; };
/* End PBXFileReference section */

/* Begin PBXFrameworksBuildPhase section */
		72EADFFC2A88F77C001998B5 /* Frameworks */ = {
			isa = PBXFrameworksBuildPhase;
			buildActionMask = 2147483647;
			files = (
				72658A622B015A6C004C7707 /* FirebaseDatabaseSwift in Frameworks */,
				72B125AD2AAE47500001523B /* FirebaseMessaging in Frameworks */,
				72B125B42AAEC9860001523B /* PromiseKit in Frameworks */,
				72658A602B015A6C004C7707 /* FirebaseDatabase in Frameworks */,
				72B125AB2AAE47500001523B /* FirebaseAuth in Frameworks */,
			);
			runOnlyForDeploymentPostprocessing = 0;
		};
		72EAE00D2A88F77F001998B5 /* Frameworks */ = {
			isa = PBXFrameworksBuildPhase;
			buildActionMask = 2147483647;
			files = (
			);
			runOnlyForDeploymentPostprocessing = 0;
		};
		72EAE0172A88F77F001998B5 /* Frameworks */ = {
			isa = PBXFrameworksBuildPhase;
			buildActionMask = 2147483647;
			files = (
			);
			runOnlyForDeploymentPostprocessing = 0;
		};
/* End PBXFrameworksBuildPhase section */

/* Begin PBXGroup section */
		72EADFF62A88F77C001998B5 = {
			isa = PBXGroup;
			children = (
				72EAE0012A88F77C001998B5 /* FitShareApp */,
				72EAE0132A88F77F001998B5 /* FitShareAppTests */,
				72EAE01D2A88F77F001998B5 /* FitShareAppUITests */,
				72EAE0002A88F77C001998B5 /* Products */,
			);
			sourceTree = "<group>";
		};
		72EAE0002A88F77C001998B5 /* Products */ = {
			isa = PBXGroup;
			children = (
				72EADFFF2A88F77C001998B5 /* FitShareApp.app */,
				72EAE0102A88F77F001998B5 /* FitShareAppTests.xctest */,
				72EAE01A2A88F77F001998B5 /* FitShareAppUITests.xctest */,
			);
			name = Products;
			sourceTree = "<group>";
		};
		72EAE0012A88F77C001998B5 /* FitShareApp */ = {
			isa = PBXGroup;
			children = (
				7258B68F2AEFC5E6004C6C69 /* GoogleService-Info.plist */,
				72B6399C2A8BD3380005294D /* Info.plist */,
				72F31B802AB6099000B4249F /* CountryCodes.json */,
				726002FF2AF296F100B12E7C /* FitShareApp.swift */,
				7216C4C82B75440900BBF4AC /* LogoView.swift */,
				7216C4CA2B77E06B00BBF4AC /* LaunchView.swift */,
				72EAE0042A88F77C001998B5 /* ContentView.swift */,
				724F20EA2AE2EC270035F4CA /* PhoneNumberView.swift */,
				7278CDD92AA7A48100263C74 /* OTPView.swift */,
				72658A5D2B015455004C7707 /* GoalSheet.swift */,
				7278CDD72AA79AD900263C74 /* HomeScreenView.swift */,
				72B125A32AADBA690001523B /* AuthModel.swift */,
				72CF2A8D2AA492E6009BF195 /* Nutrition.swift */,
				72EAE0062A88F77F001998B5 /* Assets.xcassets */,
				72EAE0092A88F77F001998B5 /* Preview Content */,
				72F31B6B2AB4BEFC00B4249F /* PhoneViewModel.swift */,
				72658A652B0290A7004C7707 /* ShareList.swift */,
				72658A632B015C23004C7707 /* GoalModel.swift */,
				72F31B6D2AB4BF9200B4249F /* Utils.swift */,
				72F31B6F2AB4C04200B4249F /* CountryModel.swift */,
				72F31B712AB4C16100B4249F /* AuthenticationService.swift */,
				72F31B732AB4C19500B4249F /* FirebaseError.swift */,
				72F31B752AB5FA3600B4249F /* CustomUserDefaults.swift */,
				72F31B772AB5FA5400B4249F /* Constants.swift */,
				72248BFF2BA4FBDB007BB5D7 /* ScreenshotManager.swift */,
			);
			path = FitShareApp;
			sourceTree = "<group>";
		};
		72EAE0092A88F77F001998B5 /* Preview Content */ = {
			isa = PBXGroup;
			children = (
				72EAE00A2A88F77F001998B5 /* Preview Assets.xcassets */,
			);
			path = "Preview Content";
			sourceTree = "<group>";
		};
		72EAE0132A88F77F001998B5 /* FitShareAppTests */ = {
			isa = PBXGroup;
			children = (
				72EAE0142A88F77F001998B5 /* FitShareAppTests.swift */,
			);
			path = FitShareAppTests;
			sourceTree = "<group>";
		};
		72EAE01D2A88F77F001998B5 /* FitShareAppUITests */ = {
			isa = PBXGroup;
			children = (
				72EAE01E2A88F77F001998B5 /* FitShareAppUITests.swift */,
				72EAE0202A88F77F001998B5 /* FitShareAppUITestsLaunchTests.swift */,
			);
			path = FitShareAppUITests;
			sourceTree = "<group>";
		};
/* End PBXGroup section */

/* Begin PBXNativeTarget section */
		72EADFFE2A88F77C001998B5 /* FitShareApp */ = {
			isa = PBXNativeTarget;
			buildConfigurationList = 72EAE0242A88F77F001998B5 /* Build configuration list for PBXNativeTarget "FitShareApp" */;
			buildPhases = (
				72EADFFB2A88F77C001998B5 /* Sources */,
				72EADFFC2A88F77C001998B5 /* Frameworks */,
				72EADFFD2A88F77C001998B5 /* Resources */,
			);
			buildRules = (
			);
			dependencies = (
			);
			name = FitShareApp;
			packageProductDependencies = (
				72B125AA2AAE47500001523B /* FirebaseAuth */,
				72B125AC2AAE47500001523B /* FirebaseMessaging */,
				72B125B32AAEC9860001523B /* PromiseKit */,
				72658A5F2B015A6C004C7707 /* FirebaseDatabase */,
				72658A612B015A6C004C7707 /* FirebaseDatabaseSwift */,
			);
			productName = WeightX2;
			productReference = 72EADFFF2A88F77C001998B5 /* FitShareApp.app */;
			productType = "com.apple.product-type.application";
		};
		72EAE00F2A88F77F001998B5 /* FitShareAppTests */ = {
			isa = PBXNativeTarget;
			buildConfigurationList = 72EAE0272A88F77F001998B5 /* Build configuration list for PBXNativeTarget "FitShareAppTests" */;
			buildPhases = (
				72EAE00C2A88F77F001998B5 /* Sources */,
				72EAE00D2A88F77F001998B5 /* Frameworks */,
				72EAE00E2A88F77F001998B5 /* Resources */,
			);
			buildRules = (
			);
			dependencies = (
				72EAE0122A88F77F001998B5 /* PBXTargetDependency */,
			);
			name = FitShareAppTests;
			productName = WeightX2Tests;
			productReference = 72EAE0102A88F77F001998B5 /* FitShareAppTests.xctest */;
			productType = "com.apple.product-type.bundle.unit-test";
		};
		72EAE0192A88F77F001998B5 /* FitShareAppUITests */ = {
			isa = PBXNativeTarget;
			buildConfigurationList = 72EAE02A2A88F77F001998B5 /* Build configuration list for PBXNativeTarget "FitShareAppUITests" */;
			buildPhases = (
				72EAE0162A88F77F001998B5 /* Sources */,
				72EAE0172A88F77F001998B5 /* Frameworks */,
				72EAE0182A88F77F001998B5 /* Resources */,
			);
			buildRules = (
			);
			dependencies = (
				72EAE01C2A88F77F001998B5 /* PBXTargetDependency */,
			);
			name = FitShareAppUITests;
			productName = WeightX2UITests;
			productReference = 72EAE01A2A88F77F001998B5 /* FitShareAppUITests.xctest */;
			productType = "com.apple.product-type.bundle.ui-testing";
		};
/* End PBXNativeTarget section */

/* Begin PBXProject section */
		72EADFF72A88F77C001998B5 /* Project object */ = {
			isa = PBXProject;
			attributes = {
				BuildIndependentTargetsInParallel = 1;
				LastSwiftUpdateCheck = 1430;
				LastUpgradeCheck = 1430;
				TargetAttributes = {
					72EADFFE2A88F77C001998B5 = {
						CreatedOnToolsVersion = 14.3.1;
					};
					72EAE00F2A88F77F001998B5 = {
						CreatedOnToolsVersion = 14.3.1;
						TestTargetID = 72EADFFE2A88F77C001998B5;
					};
					72EAE0192A88F77F001998B5 = {
						CreatedOnToolsVersion = 14.3.1;
						TestTargetID = 72EADFFE2A88F77C001998B5;
					};
				};
			};
			buildConfigurationList = 72EADFFA2A88F77C001998B5 /* Build configuration list for PBXProject "FitShareApp" */;
			compatibilityVersion = "Xcode 14.0";
			developmentRegion = en;
			hasScannedForEncodings = 0;
			knownRegions = (
				en,
				Base,
			);
			mainGroup = 72EADFF62A88F77C001998B5;
			packageReferences = (
				72B125A92AAE47500001523B /* XCRemoteSwiftPackageReference "firebase-ios-sdk" */,
				72B125B22AAEC9860001523B /* XCRemoteSwiftPackageReference "PromiseKit" */,
			);
			productRefGroup = 72EAE0002A88F77C001998B5 /* Products */;
			projectDirPath = "";
			projectRoot = "";
			targets = (
				72EADFFE2A88F77C001998B5 /* FitShareApp */,
				72EAE00F2A88F77F001998B5 /* FitShareAppTests */,
				72EAE0192A88F77F001998B5 /* FitShareAppUITests */,
			);
		};
/* End PBXProject section */

/* Begin PBXResourcesBuildPhase section */
		72EADFFD2A88F77C001998B5 /* Resources */ = {
			isa = PBXResourcesBuildPhase;
			buildActionMask = 2147483647;
			files = (
				72F31B812AB60A8400B4249F /* CountryCodes.json in Resources */,
				7258B6902AEFC5E6004C6C69 /* GoogleService-Info.plist in Resources */,
				72EAE00B2A88F77F001998B5 /* Preview Assets.xcassets in Resources */,
				72EAE0072A88F77F001998B5 /* Assets.xcassets in Resources */,
			);
			runOnlyForDeploymentPostprocessing = 0;
		};
		72EAE00E2A88F77F001998B5 /* Resources */ = {
			isa = PBXResourcesBuildPhase;
			buildActionMask = 2147483647;
			files = (
			);
			runOnlyForDeploymentPostprocessing = 0;
		};
		72EAE0182A88F77F001998B5 /* Resources */ = {
			isa = PBXResourcesBuildPhase;
			buildActionMask = 2147483647;
			files = (
			);
			runOnlyForDeploymentPostprocessing = 0;
		};
/* End PBXResourcesBuildPhase section */

/* Begin PBXSourcesBuildPhase section */
		72EADFFB2A88F77C001998B5 /* Sources */ = {
			isa = PBXSourcesBuildPhase;
			buildActionMask = 2147483647;
			files = (
				724F20EB2AE2EC270035F4CA /* PhoneNumberView.swift in Sources */,
				7216C4C92B75440900BBF4AC /* LogoView.swift in Sources */,
				726003002AF296F100B12E7C /* FitShareApp.swift in Sources */,
				72F31B762AB5FA3600B4249F /* CustomUserDefaults.swift in Sources */,
				72EAE0052A88F77C001998B5 /* ContentView.swift in Sources */,
				72F31B6E2AB4BF9200B4249F /* Utils.swift in Sources */,
				7278CDDA2AA7A48100263C74 /* OTPView.swift in Sources */,
				7216C4CB2B77E06B00BBF4AC /* LaunchView.swift in Sources */,
				72F31B722AB4C16100B4249F /* AuthenticationService.swift in Sources */,
				72F31B702AB4C04200B4249F /* CountryModel.swift in Sources */,
				72658A5E2B015455004C7707 /* GoalSheet.swift in Sources */,
				72248C002BA4FBDB007BB5D7 /* ScreenshotManager.swift in Sources */,
				7278CDD82AA79AD900263C74 /* HomeScreenView.swift in Sources */,
				72F31B6C2AB4BEFC00B4249F /* PhoneViewModel.swift in Sources */,
				72F31B742AB4C19500B4249F /* FirebaseError.swift in Sources */,
				72658A662B0290A7004C7707 /* ShareList.swift in Sources */,
				72F31B782AB5FA5400B4249F /* Constants.swift in Sources */,
				72CF2A8E2AA492E6009BF195 /* Nutrition.swift in Sources */,
				72658A642B015C23004C7707 /* GoalModel.swift in Sources */,
				72B125A42AADBA690001523B /* AuthModel.swift in Sources */,
			);
			runOnlyForDeploymentPostprocessing = 0;
		};
		72EAE00C2A88F77F001998B5 /* Sources */ = {
			isa = PBXSourcesBuildPhase;
			buildActionMask = 2147483647;
			files = (
				72EAE0152A88F77F001998B5 /* FitShareAppTests.swift in Sources */,
			);
			runOnlyForDeploymentPostprocessing = 0;
		};
		72EAE0162A88F77F001998B5 /* Sources */ = {
			isa = PBXSourcesBuildPhase;
			buildActionMask = 2147483647;
			files = (
				72EAE0212A88F77F001998B5 /* FitShareAppUITestsLaunchTests.swift in Sources */,
				72EAE01F2A88F77F001998B5 /* FitShareAppUITests.swift in Sources */,
			);
			runOnlyForDeploymentPostprocessing = 0;
		};
/* End PBXSourcesBuildPhase section */

/* Begin PBXTargetDependency section */
		72EAE0122A88F77F001998B5 /* PBXTargetDependency */ = {
			isa = PBXTargetDependency;
			target = 72EADFFE2A88F77C001998B5 /* FitShareApp */;
			targetProxy = 72EAE0112A88F77F001998B5 /* PBXContainerItemProxy */;
		};
		72EAE01C2A88F77F001998B5 /* PBXTargetDependency */ = {
			isa = PBXTargetDependency;
			target = 72EADFFE2A88F77C001998B5 /* FitShareApp */;
			targetProxy = 72EAE01B2A88F77F001998B5 /* PBXContainerItemProxy */;
		};
/* End PBXTargetDependency section */

/* Begin XCBuildConfiguration section */
		72EAE0222A88F77F001998B5 /* Debug */ = {
			isa = XCBuildConfiguration;
			buildSettings = {
				ALLOW_TARGET_PLATFORM_SPECIALIZATION = YES;
				ALWAYS_SEARCH_USER_PATHS = NO;
				CLANG_ANALYZER_NONNULL = YES;
				CLANG_ANALYZER_NUMBER_OBJECT_CONVERSION = YES_AGGRESSIVE;
				CLANG_CXX_LANGUAGE_STANDARD = "gnu++20";
				CLANG_ENABLE_MODULES = YES;
				CLANG_ENABLE_OBJC_ARC = YES;
				CLANG_ENABLE_OBJC_WEAK = YES;
				CLANG_WARN_BLOCK_CAPTURE_AUTORELEASING = YES;
				CLANG_WARN_BOOL_CONVERSION = YES;
				CLANG_WARN_COMMA = YES;
				CLANG_WARN_CONSTANT_CONVERSION = YES;
				CLANG_WARN_DEPRECATED_OBJC_IMPLEMENTATIONS = YES;
				CLANG_WARN_DIRECT_OBJC_ISA_USAGE = YES_ERROR;
				CLANG_WARN_DOCUMENTATION_COMMENTS = YES;
				CLANG_WARN_EMPTY_BODY = YES;
				CLANG_WARN_ENUM_CONVERSION = YES;
				CLANG_WARN_INFINITE_RECURSION = YES;
				CLANG_WARN_INT_CONVERSION = YES;
				CLANG_WARN_NON_LITERAL_NULL_CONVERSION = YES;
				CLANG_WARN_OBJC_IMPLICIT_RETAIN_SELF = YES;
				CLANG_WARN_OBJC_LITERAL_CONVERSION = YES;
				CLANG_WARN_OBJC_ROOT_CLASS = YES_ERROR;
				CLANG_WARN_QUOTED_INCLUDE_IN_FRAMEWORK_HEADER = YES;
				CLANG_WARN_RANGE_LOOP_ANALYSIS = YES;
				CLANG_WARN_STRICT_PROTOTYPES = YES;
				CLANG_WARN_SUSPICIOUS_MOVE = YES;
				CLANG_WARN_UNGUARDED_AVAILABILITY = YES_AGGRESSIVE;
				CLANG_WARN_UNREACHABLE_CODE = YES;
				CLANG_WARN__DUPLICATE_METHOD_MATCH = YES;
				COPY_PHASE_STRIP = NO;
				DEBUG_INFORMATION_FORMAT = dwarf;
				DEPLOYMENT_POSTPROCESSING = YES;
				ENABLE_STRICT_OBJC_MSGSEND = YES;
				ENABLE_TESTABILITY = YES;
				GCC_C_LANGUAGE_STANDARD = gnu11;
				GCC_DYNAMIC_NO_PIC = NO;
				GCC_NO_COMMON_BLOCKS = YES;
				GCC_OPTIMIZATION_LEVEL = 0;
				GCC_PREPROCESSOR_DEFINITIONS = (
					"DEBUG=1",
					"$(inherited)",
				);
				GCC_WARN_64_TO_32_BIT_CONVERSION = YES;
				GCC_WARN_ABOUT_RETURN_TYPE = YES_ERROR;
				GCC_WARN_UNDECLARED_SELECTOR = YES;
				GCC_WARN_UNINITIALIZED_AUTOS = YES_AGGRESSIVE;
				GCC_WARN_UNUSED_FUNCTION = YES;
				GCC_WARN_UNUSED_VARIABLE = YES;
				IPHONEOS_DEPLOYMENT_TARGET = 14.0;
				MACOSX_DEPLOYMENT_TARGET = 14.0;
				MTL_ENABLE_DEBUG_INFO = INCLUDE_SOURCE;
				MTL_FAST_MATH = YES;
				ONLY_ACTIVE_ARCH = YES;
				SUPPORTED_PLATFORMS = "watchsimulator watchos macosx iphonesimulator iphoneos driverkit appletvsimulator appletvos";
				SUPPORTS_MACCATALYST = YES;
				SWIFT_ACTIVE_COMPILATION_CONDITIONS = DEBUG;
				SWIFT_OPTIMIZATION_LEVEL = "-Onone";
			};
			name = Debug;
		};
		72EAE0232A88F77F001998B5 /* Release */ = {
			isa = XCBuildConfiguration;
			buildSettings = {
				ALLOW_TARGET_PLATFORM_SPECIALIZATION = YES;
				ALWAYS_SEARCH_USER_PATHS = NO;
				CLANG_ANALYZER_NONNULL = YES;
				CLANG_ANALYZER_NUMBER_OBJECT_CONVERSION = YES_AGGRESSIVE;
				CLANG_CXX_LANGUAGE_STANDARD = "gnu++20";
				CLANG_ENABLE_MODULES = YES;
				CLANG_ENABLE_OBJC_ARC = YES;
				CLANG_ENABLE_OBJC_WEAK = YES;
				CLANG_WARN_BLOCK_CAPTURE_AUTORELEASING = YES;
				CLANG_WARN_BOOL_CONVERSION = YES;
				CLANG_WARN_COMMA = YES;
				CLANG_WARN_CONSTANT_CONVERSION = YES;
				CLANG_WARN_DEPRECATED_OBJC_IMPLEMENTATIONS = YES;
				CLANG_WARN_DIRECT_OBJC_ISA_USAGE = YES_ERROR;
				CLANG_WARN_DOCUMENTATION_COMMENTS = YES;
				CLANG_WARN_EMPTY_BODY = YES;
				CLANG_WARN_ENUM_CONVERSION = YES;
				CLANG_WARN_INFINITE_RECURSION = YES;
				CLANG_WARN_INT_CONVERSION = YES;
				CLANG_WARN_NON_LITERAL_NULL_CONVERSION = YES;
				CLANG_WARN_OBJC_IMPLICIT_RETAIN_SELF = YES;
				CLANG_WARN_OBJC_LITERAL_CONVERSION = YES;
				CLANG_WARN_OBJC_ROOT_CLASS = YES_ERROR;
				CLANG_WARN_QUOTED_INCLUDE_IN_FRAMEWORK_HEADER = YES;
				CLANG_WARN_RANGE_LOOP_ANALYSIS = YES;
				CLANG_WARN_STRICT_PROTOTYPES = YES;
				CLANG_WARN_SUSPICIOUS_MOVE = YES;
				CLANG_WARN_UNGUARDED_AVAILABILITY = YES_AGGRESSIVE;
				CLANG_WARN_UNREACHABLE_CODE = YES;
				CLANG_WARN__DUPLICATE_METHOD_MATCH = YES;
				COPY_PHASE_STRIP = NO;
				DEBUG_INFORMATION_FORMAT = "dwarf-with-dsym";
				DEPLOYMENT_POSTPROCESSING = YES;
				ENABLE_NS_ASSERTIONS = NO;
				ENABLE_STRICT_OBJC_MSGSEND = YES;
				GCC_C_LANGUAGE_STANDARD = gnu11;
				GCC_NO_COMMON_BLOCKS = YES;
				GCC_WARN_64_TO_32_BIT_CONVERSION = YES;
				GCC_WARN_ABOUT_RETURN_TYPE = YES_ERROR;
				GCC_WARN_UNDECLARED_SELECTOR = YES;
				GCC_WARN_UNINITIALIZED_AUTOS = YES_AGGRESSIVE;
				GCC_WARN_UNUSED_FUNCTION = YES;
				GCC_WARN_UNUSED_VARIABLE = YES;
				IPHONEOS_DEPLOYMENT_TARGET = 14.0;
				MACOSX_DEPLOYMENT_TARGET = 14.0;
				MTL_ENABLE_DEBUG_INFO = NO;
				MTL_FAST_MATH = YES;
				SUPPORTED_PLATFORMS = "watchsimulator watchos macosx iphonesimulator iphoneos driverkit appletvsimulator appletvos";
				SUPPORTS_MACCATALYST = YES;
				SWIFT_COMPILATION_MODE = wholemodule;
				SWIFT_OPTIMIZATION_LEVEL = "-O";
			};
			name = Release;
		};
		72EAE0252A88F77F001998B5 /* Debug */ = {
			isa = XCBuildConfiguration;
			buildSettings = {
				ASSETCATALOG_COMPILER_APPICON_NAME = AppIcon;
				ASSETCATALOG_COMPILER_GLOBAL_ACCENT_COLOR_NAME = AccentColor;
				ASSETCATALOG_COMPILER_INCLUDE_ALL_APPICON_ASSETS = YES;
				CODE_SIGN_ENTITLEMENTS = FitShareApp/FitShareApp.entitlements;
				CODE_SIGN_STYLE = Automatic;
				CURRENT_PROJECT_VERSION = 2;
				DEVELOPMENT_ASSET_PATHS = "\"FitShareApp/Preview Content\"";
				DEVELOPMENT_TEAM = 3W37J33N79;
				ENABLE_HARDENED_RUNTIME = YES;
				ENABLE_PREVIEWS = YES;
				GENERATE_INFOPLIST_FILE = YES;
				INFOPLIST_FILE = FitShareApp/Info.plist;
				INFOPLIST_KEY_CFBundleDisplayName = FitShare;
				INFOPLIST_KEY_LSApplicationCategoryType = "public.app-category.healthcare-fitness";
				INFOPLIST_KEY_NSHealthShareUsageDescription = "We need access to your health data to display step count information, workout information.";
				INFOPLIST_KEY_NSHealthUpdateUsageDescription = "We need access to your health data to provide personalized fitness recommendations.";
				INFOPLIST_KEY_NSPhotoLibraryAddUsageDescription = "We need access to share the Screenshot of health data across social media";
				"INFOPLIST_KEY_UIApplicationSceneManifest_Generation[sdk=iphoneos*]" = YES;
				"INFOPLIST_KEY_UIApplicationSceneManifest_Generation[sdk=iphonesimulator*]" = YES;
				"INFOPLIST_KEY_UIApplicationSupportsIndirectInputEvents[sdk=iphoneos*]" = YES;
				"INFOPLIST_KEY_UIApplicationSupportsIndirectInputEvents[sdk=iphonesimulator*]" = YES;
				"INFOPLIST_KEY_UILaunchScreen_Generation[sdk=iphoneos*]" = YES;
				"INFOPLIST_KEY_UILaunchScreen_Generation[sdk=iphonesimulator*]" = YES;
				"INFOPLIST_KEY_UIStatusBarStyle[sdk=iphoneos*]" = UIStatusBarStyleDefault;
				"INFOPLIST_KEY_UIStatusBarStyle[sdk=iphonesimulator*]" = UIStatusBarStyleDefault;
				INFOPLIST_KEY_UISupportedInterfaceOrientations_iPad = "UIInterfaceOrientationPortrait UIInterfaceOrientationPortraitUpsideDown UIInterfaceOrientationLandscapeLeft UIInterfaceOrientationLandscapeRight";
				INFOPLIST_KEY_UISupportedInterfaceOrientations_iPhone = "UIInterfaceOrientationPortrait UIInterfaceOrientationLandscapeLeft UIInterfaceOrientationLandscapeRight";
				IPHONEOS_DEPLOYMENT_TARGET = 14.0;
				LD_RUNPATH_SEARCH_PATHS = "@executable_path/Frameworks";
				"LD_RUNPATH_SEARCH_PATHS[sdk=macosx*]" = "@executable_path/../Frameworks";
				MACOSX_DEPLOYMENT_TARGET = 13.3;
				MARKETING_VERSION = 2.1;
				PRODUCT_BUNDLE_IDENTIFIER = com.rubixcubeinitiatives.fitshare;
				PRODUCT_NAME = "$(TARGET_NAME)";
				SDKROOT = auto;
				SUPPORTED_PLATFORMS = "iphonesimulator iphoneos";
				SUPPORTS_MACCATALYST = NO;
				SWIFT_EMIT_LOC_STRINGS = YES;
				SWIFT_VERSION = 5.0;
				TARGETED_DEVICE_FAMILY = "1,2";
			};
			name = Debug;
		};
		72EAE0262A88F77F001998B5 /* Release */ = {
			isa = XCBuildConfiguration;
			buildSettings = {
				ASSETCATALOG_COMPILER_APPICON_NAME = AppIcon;
				ASSETCATALOG_COMPILER_GLOBAL_ACCENT_COLOR_NAME = AccentColor;
				ASSETCATALOG_COMPILER_INCLUDE_ALL_APPICON_ASSETS = YES;
				CODE_SIGN_ENTITLEMENTS = FitShareApp/FitShareApp.entitlements;
				CODE_SIGN_STYLE = Automatic;
				CURRENT_PROJECT_VERSION = 2;
				DEVELOPMENT_ASSET_PATHS = "\"FitShareApp/Preview Content\"";
				DEVELOPMENT_TEAM = 3W37J33N79;
				ENABLE_HARDENED_RUNTIME = YES;
				ENABLE_PREVIEWS = YES;
				GENERATE_INFOPLIST_FILE = YES;
				INFOPLIST_FILE = FitShareApp/Info.plist;
				INFOPLIST_KEY_CFBundleDisplayName = FitShare;
				INFOPLIST_KEY_LSApplicationCategoryType = "public.app-category.healthcare-fitness";
				INFOPLIST_KEY_NSHealthShareUsageDescription = "We need access to your health data to display step count information, workout information.";
				INFOPLIST_KEY_NSHealthUpdateUsageDescription = "We need access to your health data to provide personalized fitness recommendations.";
				INFOPLIST_KEY_NSPhotoLibraryAddUsageDescription = "We need access to share the Screenshot of health data across social media";
				"INFOPLIST_KEY_UIApplicationSceneManifest_Generation[sdk=iphoneos*]" = YES;
				"INFOPLIST_KEY_UIApplicationSceneManifest_Generation[sdk=iphonesimulator*]" = YES;
				"INFOPLIST_KEY_UIApplicationSupportsIndirectInputEvents[sdk=iphoneos*]" = YES;
				"INFOPLIST_KEY_UIApplicationSupportsIndirectInputEvents[sdk=iphonesimulator*]" = YES;
				"INFOPLIST_KEY_UILaunchScreen_Generation[sdk=iphoneos*]" = YES;
				"INFOPLIST_KEY_UILaunchScreen_Generation[sdk=iphonesimulator*]" = YES;
				"INFOPLIST_KEY_UIStatusBarStyle[sdk=iphoneos*]" = UIStatusBarStyleDefault;
				"INFOPLIST_KEY_UIStatusBarStyle[sdk=iphonesimulator*]" = UIStatusBarStyleDefault;
				INFOPLIST_KEY_UISupportedInterfaceOrientations_iPad = "UIInterfaceOrientationPortrait UIInterfaceOrientationPortraitUpsideDown UIInterfaceOrientationLandscapeLeft UIInterfaceOrientationLandscapeRight";
				INFOPLIST_KEY_UISupportedInterfaceOrientations_iPhone = "UIInterfaceOrientationPortrait UIInterfaceOrientationLandscapeLeft UIInterfaceOrientationLandscapeRight";
				IPHONEOS_DEPLOYMENT_TARGET = 14.0;
				LD_RUNPATH_SEARCH_PATHS = "@executable_path/Frameworks";
				"LD_RUNPATH_SEARCH_PATHS[sdk=macosx*]" = "@executable_path/../Frameworks";
				MACOSX_DEPLOYMENT_TARGET = 13.3;
				MARKETING_VERSION = 2.1;
				PRODUCT_BUNDLE_IDENTIFIER = com.rubixcubeinitiatives.fitshare;
				PRODUCT_NAME = "$(TARGET_NAME)";
				SDKROOT = auto;
				SUPPORTED_PLATFORMS = "iphonesimulator iphoneos";
				SUPPORTS_MACCATALYST = NO;
				SWIFT_EMIT_LOC_STRINGS = YES;
				SWIFT_VERSION = 5.0;
				TARGETED_DEVICE_FAMILY = "1,2";
			};
			name = Release;
		};
		72EAE0282A88F77F001998B5 /* Debug */ = {
			isa = XCBuildConfiguration;
			buildSettings = {
				ALWAYS_EMBED_SWIFT_STANDARD_LIBRARIES = YES;
				BUNDLE_LOADER = "$(TEST_HOST)";
				CODE_SIGN_STYLE = Automatic;
				CURRENT_PROJECT_VERSION = 1;
				DEVELOPMENT_TEAM = 3W37J33N79;
				GENERATE_INFOPLIST_FILE = YES;
				IPHONEOS_DEPLOYMENT_TARGET = 16.4;
				MACOSX_DEPLOYMENT_TARGET = 13.3;
				MARKETING_VERSION = 1.0;
				PRODUCT_BUNDLE_IDENTIFIER = Weightx.WeightX2Tests;
				PRODUCT_NAME = "$(TARGET_NAME)";
				SDKROOT = auto;
				SUPPORTED_PLATFORMS = "iphoneos iphonesimulator macosx";
				SWIFT_EMIT_LOC_STRINGS = NO;
				SWIFT_VERSION = 5.0;
				TARGETED_DEVICE_FAMILY = "1,2";
				TEST_HOST = "$(BUILT_PRODUCTS_DIR)/FitShareApp.app/$(BUNDLE_EXECUTABLE_FOLDER_PATH)/FitShareApp";
			};
			name = Debug;
		};
		72EAE0292A88F77F001998B5 /* Release */ = {
			isa = XCBuildConfiguration;
			buildSettings = {
				ALWAYS_EMBED_SWIFT_STANDARD_LIBRARIES = YES;
				BUNDLE_LOADER = "$(TEST_HOST)";
				CODE_SIGN_STYLE = Automatic;
				CURRENT_PROJECT_VERSION = 1;
				DEVELOPMENT_TEAM = 3W37J33N79;
				GENERATE_INFOPLIST_FILE = YES;
				IPHONEOS_DEPLOYMENT_TARGET = 16.4;
				MACOSX_DEPLOYMENT_TARGET = 13.3;
				MARKETING_VERSION = 1.0;
				PRODUCT_BUNDLE_IDENTIFIER = Weightx.WeightX2Tests;
				PRODUCT_NAME = "$(TARGET_NAME)";
				SDKROOT = auto;
				SUPPORTED_PLATFORMS = "iphoneos iphonesimulator macosx";
				SWIFT_EMIT_LOC_STRINGS = NO;
				SWIFT_VERSION = 5.0;
				TARGETED_DEVICE_FAMILY = "1,2";
				TEST_HOST = "$(BUILT_PRODUCTS_DIR)/FitShareApp.app/$(BUNDLE_EXECUTABLE_FOLDER_PATH)/FitShareApp";
			};
			name = Release;
		};
		72EAE02B2A88F77F001998B5 /* Debug */ = {
			isa = XCBuildConfiguration;
			buildSettings = {
				ALWAYS_EMBED_SWIFT_STANDARD_LIBRARIES = YES;
				CODE_SIGN_STYLE = Automatic;
				CURRENT_PROJECT_VERSION = 1;
				DEVELOPMENT_TEAM = 3W37J33N79;
				GENERATE_INFOPLIST_FILE = YES;
				IPHONEOS_DEPLOYMENT_TARGET = 16.4;
				MACOSX_DEPLOYMENT_TARGET = 13.3;
				MARKETING_VERSION = 1.0;
				PRODUCT_BUNDLE_IDENTIFIER = Weightx.WeightX2UITests;
				PRODUCT_NAME = "$(TARGET_NAME)";
				SDKROOT = auto;
				SUPPORTED_PLATFORMS = "iphoneos iphonesimulator macosx";
				SWIFT_EMIT_LOC_STRINGS = NO;
				SWIFT_VERSION = 5.0;
				TARGETED_DEVICE_FAMILY = "1,2";
				TEST_TARGET_NAME = WeightX2;
			};
			name = Debug;
		};
		72EAE02C2A88F77F001998B5 /* Release */ = {
			isa = XCBuildConfiguration;
			buildSettings = {
				ALWAYS_EMBED_SWIFT_STANDARD_LIBRARIES = YES;
				CODE_SIGN_STYLE = Automatic;
				CURRENT_PROJECT_VERSION = 1;
				DEVELOPMENT_TEAM = 3W37J33N79;
				GENERATE_INFOPLIST_FILE = YES;
				IPHONEOS_DEPLOYMENT_TARGET = 16.4;
				MACOSX_DEPLOYMENT_TARGET = 13.3;
				MARKETING_VERSION = 1.0;
				PRODUCT_BUNDLE_IDENTIFIER = Weightx.WeightX2UITests;
				PRODUCT_NAME = "$(TARGET_NAME)";
				SDKROOT = auto;
				SUPPORTED_PLATFORMS = "iphoneos iphonesimulator macosx";
				SWIFT_EMIT_LOC_STRINGS = NO;
				SWIFT_VERSION = 5.0;
				TARGETED_DEVICE_FAMILY = "1,2";
				TEST_TARGET_NAME = WeightX2;
			};
			name = Release;
		};
/* End XCBuildConfiguration section */

/* Begin XCConfigurationList section */
		72EADFFA2A88F77C001998B5 /* Build configuration list for PBXProject "FitShareApp" */ = {
			isa = XCConfigurationList;
			buildConfigurations = (
				72EAE0222A88F77F001998B5 /* Debug */,
				72EAE0232A88F77F001998B5 /* Release */,
			);
			defaultConfigurationIsVisible = 0;
			defaultConfigurationName = Release;
		};
		72EAE0242A88F77F001998B5 /* Build configuration list for PBXNativeTarget "FitShareApp" */ = {
			isa = XCConfigurationList;
			buildConfigurations = (
				72EAE0252A88F77F001998B5 /* Debug */,
				72EAE0262A88F77F001998B5 /* Release */,
			);
			defaultConfigurationIsVisible = 0;
			defaultConfigurationName = Release;
		};
		72EAE0272A88F77F001998B5 /* Build configuration list for PBXNativeTarget "FitShareAppTests" */ = {
			isa = XCConfigurationList;
			buildConfigurations = (
				72EAE0282A88F77F001998B5 /* Debug */,
				72EAE0292A88F77F001998B5 /* Release */,
			);
			defaultConfigurationIsVisible = 0;
			defaultConfigurationName = Release;
		};
		72EAE02A2A88F77F001998B5 /* Build configuration list for PBXNativeTarget "FitShareAppUITests" */ = {
			isa = XCConfigurationList;
			buildConfigurations = (
				72EAE02B2A88F77F001998B5 /* Debug */,
				72EAE02C2A88F77F001998B5 /* Release */,
			);
			defaultConfigurationIsVisible = 0;
			defaultConfigurationName = Release;
		};
/* End XCConfigurationList section */

/* Begin XCRemoteSwiftPackageReference section */
		72B125A92AAE47500001523B /* XCRemoteSwiftPackageReference "firebase-ios-sdk" */ = {
			isa = XCRemoteSwiftPackageReference;
			repositoryURL = "https://github.com/firebase/firebase-ios-sdk.git";
			requirement = {
				kind = upToNextMajorVersion;
				minimumVersion = 10.0.0;
			};
		};
		72B125B22AAEC9860001523B /* XCRemoteSwiftPackageReference "PromiseKit" */ = {
			isa = XCRemoteSwiftPackageReference;
			repositoryURL = "https://github.com/mxcl/PromiseKit.git";
			requirement = {
				kind = upToNextMajorVersion;
				minimumVersion = 8.0.0;
			};
		};
/* End XCRemoteSwiftPackageReference section */

/* Begin XCSwiftPackageProductDependency section */
		72658A5F2B015A6C004C7707 /* FirebaseDatabase */ = {
			isa = XCSwiftPackageProductDependency;
			package = 72B125A92AAE47500001523B /* XCRemoteSwiftPackageReference "firebase-ios-sdk" */;
			productName = FirebaseDatabase;
		};
		72658A612B015A6C004C7707 /* FirebaseDatabaseSwift */ = {
			isa = XCSwiftPackageProductDependency;
			package = 72B125A92AAE47500001523B /* XCRemoteSwiftPackageReference "firebase-ios-sdk" */;
			productName = FirebaseDatabaseSwift;
		};
		72B125AA2AAE47500001523B /* FirebaseAuth */ = {
			isa = XCSwiftPackageProductDependency;
			package = 72B125A92AAE47500001523B /* XCRemoteSwiftPackageReference "firebase-ios-sdk" */;
			productName = FirebaseAuth;
		};
		72B125AC2AAE47500001523B /* FirebaseMessaging */ = {
			isa = XCSwiftPackageProductDependency;
			package = 72B125A92AAE47500001523B /* XCRemoteSwiftPackageReference "firebase-ios-sdk" */;
			productName = FirebaseMessaging;
		};
		72B125B32AAEC9860001523B /* PromiseKit */ = {
			isa = XCSwiftPackageProductDependency;
			package = 72B125B22AAEC9860001523B /* XCRemoteSwiftPackageReference "PromiseKit" */;
			productName = PromiseKit;
		};
/* End XCSwiftPackageProductDependency section */
	};
	rootObject = 72EADFF72A88F77C001998B5 /* Project object */;
}
